{
  "pins" : [
    {
      "identity" : "base58swift",
      "kind" : "remoteSourceControl",
      "location" : "https://github.com/keefertaylor/Base58Swift.git",
      "state" : {
        "revision" : "1c13ea6b07f1584660526f8bde3d4cc150e91acd",
        "version" : "2.1.14"
      }
    },
    {
      "identity" : "bigint",
      "kind" : "remoteSourceControl",
      "location" : "https://github.com/attaswift/BigInt.git",
      "state" : {
        "revision" : "0ed110f7555c34ff468e72e1686e59721f2b0da6",
        "version" : "5.3.0"
      }
    },
    {
      "identity" : "swift-bases",
      "kind" : "remoteSourceControl",
      "location" : "https://github.com/swift-libp2p/swift-bases.git",
      "state" : {
        "revision" : "c84494da575bc776ae64c180af2731471193b812",
        "version" : "0.0.2"
      }
    },
    {
      "identity" : "swift-multibase",
      "kind" : "remoteSourceControl",
      "location" : "git@github.com:swift-libp2p/swift-multibase.git",
      "state" : {
        "revision" : "17044546b401c1c3af2f947f64484b1e5f88a5a3",
        "version" : "0.0.1"
      }
    }
  ],
  "version" : 2
}
